
Microsoft Visual Studio Solution File, Format Version 12.00
# Visual Studio Version 16
VisualStudioVersion = 16.0.28803.156
MinimumVisualStudioVersion = 10.0.40219.1
Project("{FAE04EC0-301F-11D3-BF4B-00C04F79EFBC}") = "ProcentApp2.0", "ProcentApp2.0\ProcentApp2.0.csproj", "{A2EB84D2-DBA0-4C21-BBB4-587EB1C25A52}"
EndProject
Global
	GlobalSection(SolutionConfigurationPlatforms) = preSolution
		Debug|Any CPU = Debug|Any CPU
		Release|Any CPU = Release|Any CPU
	EndGlobalSection
	GlobalSection(ProjectConfigurationPlatforms) = postSolution
		{A2EB84D2-DBA0-4C21-BBB4-587EB1C25A52}.Debug|Any CPU.ActiveCfg = Debug|Any CPU
		{A2EB84D2-DBA0-4C21-BBB4-587EB1C25A52}.Debug|Any CPU.Build.0 = Debug|Any CPU
		{A2EB84D2-DBA0-4C21-BBB4-587EB1C25A52}.Release|Any CPU.ActiveCfg = Release|Any CPU
		{A2EB84D2-DBA0-4C21-BBB4-587EB1C25A52}.Release|Any CPU.Build.0 = Release|Any CPU
	EndGlobalSection
	GlobalSection(SolutionProperties) = preSolution
		HideSolutionNode = FALSE
	EndGlobalSection
	GlobalSection(ExtensibilityGlobals) = postSolution
		SolutionGuid = {18A8A4F1-DEE8-4EE8-AD88-468D6936C949}
	EndGlobalSection
EndGlobal
